
Microsoft Visual Studio Solution File, Format Version 12.00
# Visual Studio Version 17
VisualStudioVersion = 17.9.34622.214
MinimumVisualStudioVersion = 10.0.40219.1
Project("{9A19103F-16F7-4668-BE54-9A1E7A4F7556}") = "API", "API.csproj", "{A971255D-4E2A-482F-A8A9-C7228A745D8C}"
EndProject
Project("{9A19103F-16F7-4668-BE54-9A1E7A4F7556}") = "Tests", "..\Tests\Tests.csproj", "{88C4943B-C5FA-487B-8516-39728BFFEBB9}"
EndProject
Project("{9A19103F-16F7-4668-BE54-9A1E7A4F7556}") = "Core", "..\Core\Core.csproj", "{219A13EA-80A3-4852-8F54-9DAF27092930}"
EndProject
Global
	GlobalSection(SolutionConfigurationPlatforms) = preSolution
		Debug|Any CPU = Debug|Any CPU
		Release|Any CPU = Release|Any CPU
	EndGlobalSection
	GlobalSection(ProjectConfigurationPlatforms) = postSolution
		{A971255D-4E2A-482F-A8A9-C7228A745D8C}.Debug|Any CPU.ActiveCfg = Debug|Any CPU
		{A971255D-4E2A-482F-A8A9-C7228A745D8C}.Debug|Any CPU.Build.0 = Debug|Any CPU
		{A971255D-4E2A-482F-A8A9-C7228A745D8C}.Release|Any CPU.ActiveCfg = Release|Any CPU
		{A971255D-4E2A-482F-A8A9-C7228A745D8C}.Release|Any CPU.Build.0 = Release|Any CPU
		{88C4943B-C5FA-487B-8516-39728BFFEBB9}.Debug|Any CPU.ActiveCfg = Debug|Any CPU
		{88C4943B-C5FA-487B-8516-39728BFFEBB9}.Debug|Any CPU.Build.0 = Debug|Any CPU
		{88C4943B-C5FA-487B-8516-39728BFFEBB9}.Release|Any CPU.ActiveCfg = Release|Any CPU
		{88C4943B-C5FA-487B-8516-39728BFFEBB9}.Release|Any CPU.Build.0 = Release|Any CPU
		{219A13EA-80A3-4852-8F54-9DAF27092930}.Debug|Any CPU.ActiveCfg = Debug|Any CPU
		{219A13EA-80A3-4852-8F54-9DAF27092930}.Debug|Any CPU.Build.0 = Debug|Any CPU
		{219A13EA-80A3-4852-8F54-9DAF27092930}.Release|Any CPU.ActiveCfg = Release|Any CPU
		{219A13EA-80A3-4852-8F54-9DAF27092930}.Release|Any CPU.Build.0 = Release|Any CPU
	EndGlobalSection
	GlobalSection(SolutionProperties) = preSolution
		HideSolutionNode = FALSE
	EndGlobalSection
	GlobalSection(ExtensibilityGlobals) = postSolution
		SolutionGuid = {1A520D51-62E5-47D8-A501-7A8E97FFCBC7}
	EndGlobalSection
EndGlobal
