
Microsoft Visual Studio Solution File, Format Version 12.00
# Visual Studio Version 17
VisualStudioVersion = 17.9.34622.214
MinimumVisualStudioVersion = 10.0.40219.1
Project("{9A19103F-16F7-4668-BE54-9A1E7A4F7556}") = "Authentication", "Authentication.csproj", "{EE57B6A0-B989-4E0D-B615-E32DB5D4A4D1}"
EndProject
Project("{9A19103F-16F7-4668-BE54-9A1E7A4F7556}") = "API", "..\API\API.csproj", "{CD041A0B-B448-4D15-80F1-EB53FFA34743}"
EndProject
Project("{9A19103F-16F7-4668-BE54-9A1E7A4F7556}") = "Core", "..\Core\Core.csproj", "{6C3173F6-4717-479D-9005-142DDFFCFDAE}"
EndProject
Project("{9A19103F-16F7-4668-BE54-9A1E7A4F7556}") = "Data", "..\Data\Data.csproj", "{F68692F1-B36F-4D8A-B308-4D37AA25F270}"
EndProject
Project("{9A19103F-16F7-4668-BE54-9A1E7A4F7556}") = "Tests", "..\Tests\Tests.csproj", "{271C69DD-D72D-4EDA-8EB7-502EACB94EDF}"
EndProject
Global
	GlobalSection(SolutionConfigurationPlatforms) = preSolution
		Debug|Any CPU = Debug|Any CPU
		Release|Any CPU = Release|Any CPU
	EndGlobalSection
	GlobalSection(ProjectConfigurationPlatforms) = postSolution
		{EE57B6A0-B989-4E0D-B615-E32DB5D4A4D1}.Debug|Any CPU.ActiveCfg = Debug|Any CPU
		{EE57B6A0-B989-4E0D-B615-E32DB5D4A4D1}.Debug|Any CPU.Build.0 = Debug|Any CPU
		{EE57B6A0-B989-4E0D-B615-E32DB5D4A4D1}.Release|Any CPU.ActiveCfg = Release|Any CPU
		{EE57B6A0-B989-4E0D-B615-E32DB5D4A4D1}.Release|Any CPU.Build.0 = Release|Any CPU
		{CD041A0B-B448-4D15-80F1-EB53FFA34743}.Debug|Any CPU.ActiveCfg = Debug|Any CPU
		{CD041A0B-B448-4D15-80F1-EB53FFA34743}.Debug|Any CPU.Build.0 = Debug|Any CPU
		{CD041A0B-B448-4D15-80F1-EB53FFA34743}.Release|Any CPU.ActiveCfg = Release|Any CPU
		{CD041A0B-B448-4D15-80F1-EB53FFA34743}.Release|Any CPU.Build.0 = Release|Any CPU
		{6C3173F6-4717-479D-9005-142DDFFCFDAE}.Debug|Any CPU.ActiveCfg = Debug|Any CPU
		{6C3173F6-4717-479D-9005-142DDFFCFDAE}.Debug|Any CPU.Build.0 = Debug|Any CPU
		{6C3173F6-4717-479D-9005-142DDFFCFDAE}.Release|Any CPU.ActiveCfg = Release|Any CPU
		{6C3173F6-4717-479D-9005-142DDFFCFDAE}.Release|Any CPU.Build.0 = Release|Any CPU
		{F68692F1-B36F-4D8A-B308-4D37AA25F270}.Debug|Any CPU.ActiveCfg = Debug|Any CPU
		{F68692F1-B36F-4D8A-B308-4D37AA25F270}.Debug|Any CPU.Build.0 = Debug|Any CPU
		{F68692F1-B36F-4D8A-B308-4D37AA25F270}.Release|Any CPU.ActiveCfg = Release|Any CPU
		{F68692F1-B36F-4D8A-B308-4D37AA25F270}.Release|Any CPU.Build.0 = Release|Any CPU
		{271C69DD-D72D-4EDA-8EB7-502EACB94EDF}.Debug|Any CPU.ActiveCfg = Debug|Any CPU
		{271C69DD-D72D-4EDA-8EB7-502EACB94EDF}.Debug|Any CPU.Build.0 = Debug|Any CPU
		{271C69DD-D72D-4EDA-8EB7-502EACB94EDF}.Release|Any CPU.ActiveCfg = Release|Any CPU
		{271C69DD-D72D-4EDA-8EB7-502EACB94EDF}.Release|Any CPU.Build.0 = Release|Any CPU
	EndGlobalSection
	GlobalSection(SolutionProperties) = preSolution
		HideSolutionNode = FALSE
	EndGlobalSection
	GlobalSection(ExtensibilityGlobals) = postSolution
		SolutionGuid = {CC32AC39-8532-4673-ABC4-18A6DD9966DB}
	EndGlobalSection
EndGlobal
